// !$*UTF8*$!
{
	archiveVersion = 1;
	classes = {
	};
	objectVersion = 56;
	objects = {

/* Begin PBXBuildFile section */
		1850927729BDE1E500EA5FFA /* AppDelegate.swift in Sources */ = {isa = PBXBuildFile; fileRef = 1850927629BDE1E500EA5FFA /* AppDelegate.swift */; };
		1850927929BDE1E500EA5FFA /* SceneDelegate.swift in Sources */ = {isa = PBXBuildFile; fileRef = 1850927829BDE1E500EA5FFA /* SceneDelegate.swift */; };
		1850927B29BDE1E500EA5FFA /* ViewController.swift in Sources */ = {isa = PBXBuildFile; fileRef = 1850927A29BDE1E500EA5FFA /* ViewController.swift */; };
		1850927E29BDE1E500EA5FFA /* Main.storyboard in Resources */ = {isa = PBXBuildFile; fileRef = 1850927C29BDE1E500EA5FFA /* Main.storyboard */; };
		1850928029BDE1E700EA5FFA /* Assets.xcassets in Resources */ = {isa = PBXBuildFile; fileRef = 1850927F29BDE1E700EA5FFA /* Assets.xcassets */; };
		1850928329BDE1E700EA5FFA /* LaunchScreen.storyboard in Resources */ = {isa = PBXBuildFile; fileRef = 1850928129BDE1E700EA5FFA /* LaunchScreen.storyboard */; };
		1850928E29BDE1E800EA5FFA /* SwiftBasicsTests.swift in Sources */ = {isa = PBXBuildFile; fileRef = 1850928D29BDE1E800EA5FFA /* SwiftBasicsTests.swift */; };
		1850929829BDE1E800EA5FFA /* SwiftBasicsUITests.swift in Sources */ = {isa = PBXBuildFile; fileRef = 1850929729BDE1E800EA5FFA /* SwiftBasicsUITests.swift */; };
		1850929A29BDE1E800EA5FFA /* SwiftBasicsUITestsLaunchTests.swift in Sources */ = {isa = PBXBuildFile; fileRef = 1850929929BDE1E800EA5FFA /* SwiftBasicsUITestsLaunchTests.swift */; };
/* End PBXBuildFile section */

/* Begin PBXContainerItemProxy section */
		1850928A29BDE1E800EA5FFA /* PBXContainerItemProxy */ = {
			isa = PBXContainerItemProxy;
			containerPortal = 1850926B29BDE1E500EA5FFA /* Project object */;
			proxyType = 1;
			remoteGlobalIDString = 1850927229BDE1E500EA5FFA;
			remoteInfo = SwiftBasics;
		};
		1850929429BDE1E800EA5FFA /* PBXContainerItemProxy */ = {
			isa = PBXContainerItemProxy;
			containerPortal = 1850926B29BDE1E500EA5FFA /* Project object */;
			proxyType = 1;
			remoteGlobalIDString = 1850927229BDE1E500EA5FFA;
			remoteInfo = SwiftBasics;
		};
/* End PBXContainerItemProxy section */

/* Begin PBXFileReference section */
		1850927329BDE1E500EA5FFA /* SwiftBasics.app */ = {isa = PBXFileReference; explicitFileType = wrapper.application; includeInIndex = 0; path = SwiftBasics.app; sourceTree = BUILT_PRODUCTS_DIR; };
		1850927629BDE1E500EA5FFA /* AppDelegate.swift */ = {isa = PBXFileReference; lastKnownFileType = sourcecode.swift; path = AppDelegate.swift; sourceTree = "<group>"; };
		1850927829BDE1E500EA5FFA /* SceneDelegate.swift */ = {isa = PBXFileReference; lastKnownFileType = sourcecode.swift; path = SceneDelegate.swift; sourceTree = "<group>"; };
		1850927A29BDE1E500EA5FFA /* ViewController.swift */ = {isa = PBXFileReference; lastKnownFileType = sourcecode.swift; path = ViewController.swift; sourceTree = "<group>"; };
		1850927D29BDE1E500EA5FFA /* Base */ = {isa = PBXFileReference; lastKnownFileType = file.storyboard; name = Base; path = Base.lproj/Main.storyboard; sourceTree = "<group>"; };
		1850927F29BDE1E700EA5FFA /* Assets.xcassets */ = {isa = PBXFileReference; lastKnownFileType = folder.assetcatalog; path = Assets.xcassets; sourceTree = "<group>"; };
		1850928229BDE1E700EA5FFA /* Base */ = {isa = PBXFileReference; lastKnownFileType = file.storyboard; name = Base; path = Base.lproj/LaunchScreen.storyboard; sourceTree = "<group>"; };
		1850928429BDE1E700EA5FFA /* Info.plist */ = {isa = PBXFileReference; lastKnownFileType = text.plist.xml; path = Info.plist; sourceTree = "<group>"; };
		1850928929BDE1E800EA5FFA /* SwiftBasicsTests.xctest */ = {isa = PBXFileReference; explicitFileType = wrapper.cfbundle; includeInIndex = 0; path = SwiftBasicsTests.xctest; sourceTree = BUILT_PRODUCTS_DIR; };
		1850928D29BDE1E800EA5FFA /* SwiftBasicsTests.swift */ = {isa = PBXFileReference; lastKnownFileType = sourcecode.swift; path = SwiftBasicsTests.swift; sourceTree = "<group>"; };
		1850929329BDE1E800EA5FFA /* SwiftBasicsUITests.xctest */ = {isa = PBXFileReference; explicitFileType = wrapper.cfbundle; includeInIndex = 0; path = SwiftBasicsUITests.xctest; sourceTree = BUILT_PRODUCTS_DIR; };
		1850929729BDE1E800EA5FFA /* SwiftBasicsUITests.swift */ = {isa = PBXFileReference; lastKnownFileType = sourcecode.swift; path = SwiftBasicsUITests.swift; sourceTree = "<group>"; };
		1850929929BDE1E800EA5FFA /* SwiftBasicsUITestsLaunchTests.swift */ = {isa = PBXFileReference; lastKnownFileType = sourcecode.swift; path = SwiftBasicsUITestsLaunchTests.swift; sourceTree = "<group>"; };
/* End PBXFileReference section */

/* Begin PBXFrameworksBuildPhase section */
		1850927029BDE1E500EA5FFA /* Frameworks */ = {
			isa = PBXFrameworksBuildPhase;
			buildActionMask = 2147483647;
			files = (
			);
			runOnlyForDeploymentPostprocessing = 0;
		};
		1850928629BDE1E800EA5FFA /* Frameworks */ = {
			isa = PBXFrameworksBuildPhase;
			buildActionMask = 2147483647;
			files = (
			);
			runOnlyForDeploymentPostprocessing = 0;
		};
		1850929029BDE1E800EA5FFA /* Frameworks */ = {
			isa = PBXFrameworksBuildPhase;
			buildActionMask = 2147483647;
			files = (
			);
			runOnlyForDeploymentPostprocessing = 0;
		};
/* End PBXFrameworksBuildPhase section */

/* Begin PBXGroup section */
		1850926A29BDE1E500EA5FFA = {
			isa = PBXGroup;
			children = (
				1850927529BDE1E500EA5FFA /* SwiftBasics */,
				1850928C29BDE1E800EA5FFA /* SwiftBasicsTests */,
				1850929629BDE1E800EA5FFA /* SwiftBasicsUITests */,
				1850927429BDE1E500EA5FFA /* Products */,
			);
			sourceTree = "<group>";
		};
		1850927429BDE1E500EA5FFA /* Products */ = {
			isa = PBXGroup;
			children = (
				1850927329BDE1E500EA5FFA /* SwiftBasics.app */,
				1850928929BDE1E800EA5FFA /* SwiftBasicsTests.xctest */,
				1850929329BDE1E800EA5FFA /* SwiftBasicsUITests.xctest */,
			);
			name = Products;
			sourceTree = "<group>";
		};
		1850927529BDE1E500EA5FFA /* SwiftBasics */ = {
			isa = PBXGroup;
			children = (
				1850927629BDE1E500EA5FFA /* AppDelegate.swift */,
				1850927829BDE1E500EA5FFA /* SceneDelegate.swift */,
				1850927A29BDE1E500EA5FFA /* ViewController.swift */,
				1850927C29BDE1E500EA5FFA /* Main.storyboard */,
				1850927F29BDE1E700EA5FFA /* Assets.xcassets */,
				1850928129BDE1E700EA5FFA /* LaunchScreen.storyboard */,
				1850928429BDE1E700EA5FFA /* Info.plist */,
			);
			path = SwiftBasics;
			sourceTree = "<group>";
		};
		1850928C29BDE1E800EA5FFA /* SwiftBasicsTests */ = {
			isa = PBXGroup;
			children = (
				1850928D29BDE1E800EA5FFA /* SwiftBasicsTests.swift */,
			);
			path = SwiftBasicsTests;
			sourceTree = "<group>";
		};
		1850929629BDE1E800EA5FFA /* SwiftBasicsUITests */ = {
			isa = PBXGroup;
			children = (
				1850929729BDE1E800EA5FFA /* SwiftBasicsUITests.swift */,
				1850929929BDE1E800EA5FFA /* SwiftBasicsUITestsLaunchTests.swift */,
			);
			path = SwiftBasicsUITests;
			sourceTree = "<group>";
		};
/* End PBXGroup section */

/* Begin PBXNativeTarget section */
		1850927229BDE1E500EA5FFA /* SwiftBasics */ = {
			isa = PBXNativeTarget;
			buildConfigurationList = 1850929D29BDE1E800EA5FFA /* Build configuration list for PBXNativeTarget "SwiftBasics" */;
			buildPhases = (
				1850926F29BDE1E500EA5FFA /* Sources */,
				1850927029BDE1E500EA5FFA /* Frameworks */,
				1850927129BDE1E500EA5FFA /* Resources */,
			);
			buildRules = (
			);
			dependencies = (
			);
			name = SwiftBasics;
			productName = SwiftBasics;
			productReference = 1850927329BDE1E500EA5FFA /* SwiftBasics.app */;
			productType = "com.apple.product-type.application";
		};
		1850928829BDE1E800EA5FFA /* SwiftBasicsTests */ = {
			isa = PBXNativeTarget;
			buildConfigurationList = 185092A029BDE1E800EA5FFA /* Build configuration list for PBXNativeTarget "SwiftBasicsTests" */;
			buildPhases = (
				1850928529BDE1E800EA5FFA /* Sources */,
				1850928629BDE1E800EA5FFA /* Frameworks */,
				1850928729BDE1E800EA5FFA /* Resources */,
			);
			buildRules = (
			);
			dependencies = (
				1850928B29BDE1E800EA5FFA /* PBXTargetDependency */,
			);
			name = SwiftBasicsTests;
			productName = SwiftBasicsTests;
			productReference = 1850928929BDE1E800EA5FFA /* SwiftBasicsTests.xctest */;
			productType = "com.apple.product-type.bundle.unit-test";
		};
		1850929229BDE1E800EA5FFA /* SwiftBasicsUITests */ = {
			isa = PBXNativeTarget;
			buildConfigurationList = 185092A329BDE1E800EA5FFA /* Build configuration list for PBXNativeTarget "SwiftBasicsUITests" */;
			buildPhases = (
				1850928F29BDE1E800EA5FFA /* Sources */,
				1850929029BDE1E800EA5FFA /* Frameworks */,
				1850929129BDE1E800EA5FFA /* Resources */,
			);
			buildRules = (
			);
			dependencies = (
				1850929529BDE1E800EA5FFA /* PBXTargetDependency */,
			);
			name = SwiftBasicsUITests;
			productName = SwiftBasicsUITests;
			productReference = 1850929329BDE1E800EA5FFA /* SwiftBasicsUITests.xctest */;
			productType = "com.apple.product-type.bundle.ui-testing";
		};
/* End PBXNativeTarget section */

/* Begin PBXProject section */
		1850926B29BDE1E500EA5FFA /* Project object */ = {
			isa = PBXProject;
			attributes = {
				BuildIndependentTargetsInParallel = 1;
				LastSwiftUpdateCheck = 1420;
				LastUpgradeCheck = 1420;
				TargetAttributes = {
					1850927229BDE1E500EA5FFA = {
						CreatedOnToolsVersion = 14.2;
					};
					1850928829BDE1E800EA5FFA = {
						CreatedOnToolsVersion = 14.2;
						TestTargetID = 1850927229BDE1E500EA5FFA;
					};
					1850929229BDE1E800EA5FFA = {
						CreatedOnToolsVersion = 14.2;
						TestTargetID = 1850927229BDE1E500EA5FFA;
					};
				};
			};
			buildConfigurationList = 1850926E29BDE1E500EA5FFA /* Build configuration list for PBXProject "SwiftBasics" */;
			compatibilityVersion = "Xcode 14.0";
			developmentRegion = en;
			hasScannedForEncodings = 0;
			knownRegions = (
				en,
				Base,
			);
			mainGroup = 1850926A29BDE1E500EA5FFA;
			productRefGroup = 1850927429BDE1E500EA5FFA /* Products */;
			projectDirPath = "";
			projectRoot = "";
			targets = (
				1850927229BDE1E500EA5FFA /* SwiftBasics */,
				1850928829BDE1E800EA5FFA /* SwiftBasicsTests */,
				1850929229BDE1E800EA5FFA /* SwiftBasicsUITests */,
			);
		};
/* End PBXProject section */

/* Begin PBXResourcesBuildPhase section */
		1850927129BDE1E500EA5FFA /* Resources */ = {
			isa = PBXResourcesBuildPhase;
			buildActionMask = 2147483647;
			files = (
				1850928329BDE1E700EA5FFA /* LaunchScreen.storyboard in Resources */,
				1850928029BDE1E700EA5FFA /* Assets.xcassets in Resources */,
				1850927E29BDE1E500EA5FFA /* Main.storyboard in Resources */,
			);
			runOnlyForDeploymentPostprocessing = 0;
		};
		1850928729BDE1E800EA5FFA /* Resources */ = {
			isa = PBXResourcesBuildPhase;
			buildActionMask = 2147483647;
			files = (
			);
			runOnlyForDeploymentPostprocessing = 0;
		};
		1850929129BDE1E800EA5FFA /* Resources */ = {
			isa = PBXResourcesBuildPhase;
			buildActionMask = 2147483647;
			files = (
			);
			runOnlyForDeploymentPostprocessing = 0;
		};
/* End PBXResourcesBuildPhase section */

/* Begin PBXSourcesBuildPhase section */
		1850926F29BDE1E500EA5FFA /* Sources */ = {
			isa = PBXSourcesBuildPhase;
			buildActionMask = 2147483647;
			files = (
				1850927B29BDE1E500EA5FFA /* ViewController.swift in Sources */,
				1850927729BDE1E500EA5FFA /* AppDelegate.swift in Sources */,
				1850927929BDE1E500EA5FFA /* SceneDelegate.swift in Sources */,
			);
			runOnlyForDeploymentPostprocessing = 0;
		};
		1850928529BDE1E800EA5FFA /* Sources */ = {
			isa = PBXSourcesBuildPhase;
			buildActionMask = 2147483647;
			files = (
				1850928E29BDE1E800EA5FFA /* SwiftBasicsTests.swift in Sources */,
			);
			runOnlyForDeploymentPostprocessing = 0;
		};
		1850928F29BDE1E800EA5FFA /* Sources */ = {
			isa = PBXSourcesBuildPhase;
			buildActionMask = 2147483647;
			files = (
				1850929829BDE1E800EA5FFA /* SwiftBasicsUITests.swift in Sources */,
				1850929A29BDE1E800EA5FFA /* SwiftBasicsUITestsLaunchTests.swift in Sources */,
			);
			runOnlyForDeploymentPostprocessing = 0;
		};
/* End PBXSourcesBuildPhase section */

/* Begin PBXTargetDependency section */
		1850928B29BDE1E800EA5FFA /* PBXTargetDependency */ = {
			isa = PBXTargetDependency;
			target = 1850927229BDE1E500EA5FFA /* SwiftBasics */;
			targetProxy = 1850928A29BDE1E800EA5FFA /* PBXContainerItemProxy */;
		};
		1850929529BDE1E800EA5FFA /* PBXTargetDependency */ = {
			isa = PBXTargetDependency;
			target = 1850927229BDE1E500EA5FFA /* SwiftBasics */;
			targetProxy = 1850929429BDE1E800EA5FFA /* PBXContainerItemProxy */;
		};
/* End PBXTargetDependency section */

/* Begin PBXVariantGroup section */
		1850927C29BDE1E500EA5FFA /* Main.storyboard */ = {
			isa = PBXVariantGroup;
			children = (
				1850927D29BDE1E500EA5FFA /* Base */,
			);
			name = Main.storyboard;
			sourceTree = "<group>";
		};
		1850928129BDE1E700EA5FFA /* LaunchScreen.storyboard */ = {
			isa = PBXVariantGroup;
			children = (
				1850928229BDE1E700EA5FFA /* Base */,
			);
			name = LaunchScreen.storyboard;
			sourceTree = "<group>";
		};
/* End PBXVariantGroup section */

/* Begin XCBuildConfiguration section */
		1850929B29BDE1E800EA5FFA /* Debug */ = {
			isa = XCBuildConfiguration;
			buildSettings = {
				ALWAYS_SEARCH_USER_PATHS = NO;
				CLANG_ANALYZER_NONNULL = YES;
				CLANG_ANALYZER_NUMBER_OBJECT_CONVERSION = YES_AGGRESSIVE;
				CLANG_CXX_LANGUAGE_STANDARD = "gnu++20";
				CLANG_ENABLE_MODULES = YES;
				CLANG_ENABLE_OBJC_ARC = YES;
				CLANG_ENABLE_OBJC_WEAK = YES;
				CLANG_WARN_BLOCK_CAPTURE_AUTORELEASING = YES;
				CLANG_WARN_BOOL_CONVERSION = YES;
				CLANG_WARN_COMMA = YES;
				CLANG_WARN_CONSTANT_CONVERSION = YES;
				CLANG_WARN_DEPRECATED_OBJC_IMPLEMENTATIONS = YES;
				CLANG_WARN_DIRECT_OBJC_ISA_USAGE = YES_ERROR;
				CLANG_WARN_DOCUMENTATION_COMMENTS = YES;
				CLANG_WARN_EMPTY_BODY = YES;
				CLANG_WARN_ENUM_CONVERSION = YES;
				CLANG_WARN_INFINITE_RECURSION = YES;
				CLANG_WARN_INT_CONVERSION = YES;
				CLANG_WARN_NON_LITERAL_NULL_CONVERSION = YES;
				CLANG_WARN_OBJC_IMPLICIT_RETAIN_SELF = YES;
				CLANG_WARN_OBJC_LITERAL_CONVERSION = YES;
				CLANG_WARN_OBJC_ROOT_CLASS = YES_ERROR;
				CLANG_WARN_QUOTED_INCLUDE_IN_FRAMEWORK_HEADER = YES;
				CLANG_WARN_RANGE_LOOP_ANALYSIS = YES;
				CLANG_WARN_STRICT_PROTOTYPES = YES;
				CLANG_WARN_SUSPICIOUS_MOVE = YES;
				CLANG_WARN_UNGUARDED_AVAILABILITY = YES_AGGRESSIVE;
				CLANG_WARN_UNREACHABLE_CODE = YES;
				CLANG_WARN__DUPLICATE_METHOD_MATCH = YES;
				COPY_PHASE_STRIP = NO;
				DEBUG_INFORMATION_FORMAT = dwarf;
				ENABLE_STRICT_OBJC_MSGSEND = YES;
				ENABLE_TESTABILITY = YES;
				GCC_C_LANGUAGE_STANDARD = gnu11;
				GCC_DYNAMIC_NO_PIC = NO;
				GCC_NO_COMMON_BLOCKS = YES;
				GCC_OPTIMIZATION_LEVEL = 0;
				GCC_PREPROCESSOR_DEFINITIONS = (
					"DEBUG=1",
					"$(inherited)",
				);
				GCC_WARN_64_TO_32_BIT_CONVERSION = YES;
				GCC_WARN_ABOUT_RETURN_TYPE = YES_ERROR;
				GCC_WARN_UNDECLARED_SELECTOR = YES;
				GCC_WARN_UNINITIALIZED_AUTOS = YES_AGGRESSIVE;
				GCC_WARN_UNUSED_FUNCTION = YES;
				GCC_WARN_UNUSED_VARIABLE = YES;
				IPHONEOS_DEPLOYMENT_TARGET = 16.2;
				MTL_ENABLE_DEBUG_INFO = INCLUDE_SOURCE;
				MTL_FAST_MATH = YES;
				ONLY_ACTIVE_ARCH = YES;
				SDKROOT = iphoneos;
				SWIFT_ACTIVE_COMPILATION_CONDITIONS = DEBUG;
				SWIFT_OPTIMIZATION_LEVEL = "-Onone";
			};
			name = Debug;
		};
		1850929C29BDE1E800EA5FFA /* Release */ = {
			isa = XCBuildConfiguration;
			buildSettings = {
				ALWAYS_SEARCH_USER_PATHS = NO;
				CLANG_ANALYZER_NONNULL = YES;
				CLANG_ANALYZER_NUMBER_OBJECT_CONVERSION = YES_AGGRESSIVE;
				CLANG_CXX_LANGUAGE_STANDARD = "gnu++20";
				CLANG_ENABLE_MODULES = YES;
				CLANG_ENABLE_OBJC_ARC = YES;
				CLANG_ENABLE_OBJC_WEAK = YES;
				CLANG_WARN_BLOCK_CAPTURE_AUTORELEASING = YES;
				CLANG_WARN_BOOL_CONVERSION = YES;
				CLANG_WARN_COMMA = YES;
				CLANG_WARN_CONSTANT_CONVERSION = YES;
				CLANG_WARN_DEPRECATED_OBJC_IMPLEMENTATIONS = YES;
				CLANG_WARN_DIRECT_OBJC_ISA_USAGE = YES_ERROR;
				CLANG_WARN_DOCUMENTATION_COMMENTS = YES;
				CLANG_WARN_EMPTY_BODY = YES;
				CLANG_WARN_ENUM_CONVERSION = YES;
				CLANG_WARN_INFINITE_RECURSION = YES;
				CLANG_WARN_INT_CONVERSION = YES;
				CLANG_WARN_NON_LITERAL_NULL_CONVERSION = YES;
				CLANG_WARN_OBJC_IMPLICIT_RETAIN_SELF = YES;
				CLANG_WARN_OBJC_LITERAL_CONVERSION = YES;
				CLANG_WARN_OBJC_ROOT_CLASS = YES_ERROR;
				CLANG_WARN_QUOTED_INCLUDE_IN_FRAMEWORK_HEADER = YES;
				CLANG_WARN_RANGE_LOOP_ANALYSIS = YES;
				CLANG_WARN_STRICT_PROTOTYPES = YES;
				CLANG_WARN_SUSPICIOUS_MOVE = YES;
				CLANG_WARN_UNGUARDED_AVAILABILITY = YES_AGGRESSIVE;
				CLANG_WARN_UNREACHABLE_CODE = YES;
				CLANG_WARN__DUPLICATE_METHOD_MATCH = YES;
				COPY_PHASE_STRIP = NO;
				DEBUG_INFORMATION_FORMAT = "dwarf-with-dsym";
				ENABLE_NS_ASSERTIONS = NO;
				ENABLE_STRICT_OBJC_MSGSEND = YES;
				GCC_C_LANGUAGE_STANDARD = gnu11;
				GCC_NO_COMMON_BLOCKS = YES;
				GCC_WARN_64_TO_32_BIT_CONVERSION = YES;
				GCC_WARN_ABOUT_RETURN_TYPE = YES_ERROR;
				GCC_WARN_UNDECLARED_SELECTOR = YES;
				GCC_WARN_UNINITIALIZED_AUTOS = YES_AGGRESSIVE;
				GCC_WARN_UNUSED_FUNCTION = YES;
				GCC_WARN_UNUSED_VARIABLE = YES;
				IPHONEOS_DEPLOYMENT_TARGET = 16.2;
				MTL_ENABLE_DEBUG_INFO = NO;
				MTL_FAST_MATH = YES;
				SDKROOT = iphoneos;
				SWIFT_COMPILATION_MODE = wholemodule;
				SWIFT_OPTIMIZATION_LEVEL = "-O";
				VALIDATE_PRODUCT = YES;
			};
			name = Release;
		};
		1850929E29BDE1E800EA5FFA /* Debug */ = {
			isa = XCBuildConfiguration;
			buildSettings = {
				ASSETCATALOG_COMPILER_APPICON_NAME = AppIcon;
				ASSETCATALOG_COMPILER_GLOBAL_ACCENT_COLOR_NAME = AccentColor;
				CODE_SIGN_STYLE = Automatic;
				CURRENT_PROJECT_VERSION = 1;
				GENERATE_INFOPLIST_FILE = YES;
				INFOPLIST_FILE = SwiftBasics/Info.plist;
				INFOPLIST_KEY_UIApplicationSupportsIndirectInputEvents = YES;
				INFOPLIST_KEY_UILaunchStoryboardName = LaunchScreen;
				INFOPLIST_KEY_UIMainStoryboardFile = Main;
				INFOPLIST_KEY_UISupportedInterfaceOrientations_iPad = "UIInterfaceOrientationPortrait UIInterfaceOrientationPortraitUpsideDown UIInterfaceOrientationLandscapeLeft UIInterfaceOrientationLandscapeRight";
				INFOPLIST_KEY_UISupportedInterfaceOrientations_iPhone = "UIInterfaceOrientationPortrait UIInterfaceOrientationLandscapeLeft UIInterfaceOrientationLandscapeRight";
				LD_RUNPATH_SEARCH_PATHS = (
					"$(inherited)",
					"@executable_path/Frameworks",
				);
				MARKETING_VERSION = 1.0;
				PRODUCT_BUNDLE_IDENTIFIER = teams.SwiftBasics;
				PRODUCT_NAME = "$(TARGET_NAME)";
				SWIFT_EMIT_LOC_STRINGS = YES;
				SWIFT_VERSION = 5.0;
				TARGETED_DEVICE_FAMILY = "1,2";
			};
			name = Debug;
		};
		1850929F29BDE1E800EA5FFA /* Release */ = {
			isa = XCBuildConfiguration;
			buildSettings = {
				ASSETCATALOG_COMPILER_APPICON_NAME = AppIcon;
				ASSETCATALOG_COMPILER_GLOBAL_ACCENT_COLOR_NAME = AccentColor;
				CODE_SIGN_STYLE = Automatic;
				CURRENT_PROJECT_VERSION = 1;
				GENERATE_INFOPLIST_FILE = YES;
				INFOPLIST_FILE = SwiftBasics/Info.plist;
				INFOPLIST_KEY_UIApplicationSupportsIndirectInputEvents = YES;
				INFOPLIST_KEY_UILaunchStoryboardName = LaunchScreen;
				INFOPLIST_KEY_UIMainStoryboardFile = Main;
				INFOPLIST_KEY_UISupportedInterfaceOrientations_iPad = "UIInterfaceOrientationPortrait UIInterfaceOrientationPortraitUpsideDown UIInterfaceOrientationLandscapeLeft UIInterfaceOrientationLandscapeRight";
				INFOPLIST_KEY_UISupportedInterfaceOrientations_iPhone = "UIInterfaceOrientationPortrait UIInterfaceOrientationLandscapeLeft UIInterfaceOrientationLandscapeRight";
				LD_RUNPATH_SEARCH_PATHS = (
					"$(inherited)",
					"@executable_path/Frameworks",
				);
				MARKETING_VERSION = 1.0;
				PRODUCT_BUNDLE_IDENTIFIER = teams.SwiftBasics;
				PRODUCT_NAME = "$(TARGET_NAME)";
				SWIFT_EMIT_LOC_STRINGS = YES;
				SWIFT_VERSION = 5.0;
				TARGETED_DEVICE_FAMILY = "1,2";
			};
			name = Release;
		};
		185092A129BDE1E800EA5FFA /* Debug */ = {
			isa = XCBuildConfiguration;
			buildSettings = {
				ALWAYS_EMBED_SWIFT_STANDARD_LIBRARIES = YES;
				BUNDLE_LOADER = "$(TEST_HOST)";
				CODE_SIGN_STYLE = Automatic;
				CURRENT_PROJECT_VERSION = 1;
				GENERATE_INFOPLIST_FILE = YES;
				IPHONEOS_DEPLOYMENT_TARGET = 16.2;
				MARKETING_VERSION = 1.0;
				PRODUCT_BUNDLE_IDENTIFIER = teams.SwiftBasicsTests;
				PRODUCT_NAME = "$(TARGET_NAME)";
				SWIFT_EMIT_LOC_STRINGS = NO;
				SWIFT_VERSION = 5.0;
				TARGETED_DEVICE_FAMILY = "1,2";
				TEST_HOST = "$(BUILT_PRODUCTS_DIR)/SwiftBasics.app/$(BUNDLE_EXECUTABLE_FOLDER_PATH)/SwiftBasics";
			};
			name = Debug;
		};
		185092A229BDE1E800EA5FFA /* Release */ = {
			isa = XCBuildConfiguration;
			buildSettings = {
				ALWAYS_EMBED_SWIFT_STANDARD_LIBRARIES = YES;
				BUNDLE_LOADER = "$(TEST_HOST)";
				CODE_SIGN_STYLE = Automatic;
				CURRENT_PROJECT_VERSION = 1;
				GENERATE_INFOPLIST_FILE = YES;
				IPHONEOS_DEPLOYMENT_TARGET = 16.2;
				MARKETING_VERSION = 1.0;
				PRODUCT_BUNDLE_IDENTIFIER = teams.SwiftBasicsTests;
				PRODUCT_NAME = "$(TARGET_NAME)";
				SWIFT_EMIT_LOC_STRINGS = NO;
				SWIFT_VERSION = 5.0;
				TARGETED_DEVICE_FAMILY = "1,2";
				TEST_HOST = "$(BUILT_PRODUCTS_DIR)/SwiftBasics.app/$(BUNDLE_EXECUTABLE_FOLDER_PATH)/SwiftBasics";
			};
			name = Release;
		};
		185092A429BDE1E800EA5FFA /* Debug */ = {
			isa = XCBuildConfiguration;
			buildSettings = {
				ALWAYS_EMBED_SWIFT_STANDARD_LIBRARIES = YES;
				CODE_SIGN_STYLE = Automatic;
				CURRENT_PROJECT_VERSION = 1;
				GENERATE_INFOPLIST_FILE = YES;
				MARKETING_VERSION = 1.0;
				PRODUCT_BUNDLE_IDENTIFIER = teams.SwiftBasicsUITests;
				PRODUCT_NAME = "$(TARGET_NAME)";
				SWIFT_EMIT_LOC_STRINGS = NO;
				SWIFT_VERSION = 5.0;
				TARGETED_DEVICE_FAMILY = "1,2";
				TEST_TARGET_NAME = SwiftBasics;
			};
			name = Debug;
		};
		185092A529BDE1E800EA5FFA /* Release */ = {
			isa = XCBuildConfiguration;
			buildSettings = {
				ALWAYS_EMBED_SWIFT_STANDARD_LIBRARIES = YES;
				CODE_SIGN_STYLE = Automatic;
				CURRENT_PROJECT_VERSION = 1;
				GENERATE_INFOPLIST_FILE = YES;
				MARKETING_VERSION = 1.0;
				PRODUCT_BUNDLE_IDENTIFIER = teams.SwiftBasicsUITests;
				PRODUCT_NAME = "$(TARGET_NAME)";
				SWIFT_EMIT_LOC_STRINGS = NO;
				SWIFT_VERSION = 5.0;
				TARGETED_DEVICE_FAMILY = "1,2";
				TEST_TARGET_NAME = SwiftBasics;
			};
			name = Release;
		};
/* End XCBuildConfiguration section */

/* Begin XCConfigurationList section */
		1850926E29BDE1E500EA5FFA /* Build configuration list for PBXProject "SwiftBasics" */ = {
			isa = XCConfigurationList;
			buildConfigurations = (
				1850929B29BDE1E800EA5FFA /* Debug */,
				1850929C29BDE1E800EA5FFA /* Release */,
			);
			defaultConfigurationIsVisible = 0;
			defaultConfigurationName = Release;
		};
		1850929D29BDE1E800EA5FFA /* Build configuration list for PBXNativeTarget "SwiftBasics" */ = {
			isa = XCConfigurationList;
			buildConfigurations = (
				1850929E29BDE1E800EA5FFA /* Debug */,
				1850929F29BDE1E800EA5FFA /* Release */,
			);
			defaultConfigurationIsVisible = 0;
			defaultConfigurationName = Release;
		};
		185092A029BDE1E800EA5FFA /* Build configuration list for PBXNativeTarget "SwiftBasicsTests" */ = {
			isa = XCConfigurationList;
			buildConfigurations = (
				185092A129BDE1E800EA5FFA /* Debug */,
				185092A229BDE1E800EA5FFA /* Release */,
			);
			defaultConfigurationIsVisible = 0;
			defaultConfigurationName = Release;
		};
		185092A329BDE1E800EA5FFA /* Build configuration list for PBXNativeTarget "SwiftBasicsUITests" */ = {
			isa = XCConfigurationList;
			buildConfigurations = (
				185092A429BDE1E800EA5FFA /* Debug */,
				185092A529BDE1E800EA5FFA /* Release */,
			);
			defaultConfigurationIsVisible = 0;
			defaultConfigurationName = Release;
		};
/* End XCConfigurationList section */
	};
	rootObject = 1850926B29BDE1E500EA5FFA /* Project object */;
}
